
Microsoft Visual Studio Solution File, Format Version 12.00
# Visual Studio 15
VisualStudioVersion = 15.0.28010.2019
MinimumVisualStudioVersion = 10.0.40219.1
Project("{FAE04EC0-301F-11D3-BF4B-00C04F79EFBC}") = "ReFreshAir1", "ReFreshAir1\ReFreshAir1.csproj", "{3213A236-FC1C-4F06-8842-87800FF2F13E}"
EndProject
Global
	GlobalSection(SolutionConfigurationPlatforms) = preSolution
		Debug|Any CPU = Debug|Any CPU
		Release|Any CPU = Release|Any CPU
	EndGlobalSection
	GlobalSection(ProjectConfigurationPlatforms) = postSolution
		{3213A236-FC1C-4F06-8842-87800FF2F13E}.Debug|Any CPU.ActiveCfg = Debug|Any CPU
		{3213A236-FC1C-4F06-8842-87800FF2F13E}.Debug|Any CPU.Build.0 = Debug|Any CPU
		{3213A236-FC1C-4F06-8842-87800FF2F13E}.Release|Any CPU.ActiveCfg = Release|Any CPU
		{3213A236-FC1C-4F06-8842-87800FF2F13E}.Release|Any CPU.Build.0 = Release|Any CPU
	EndGlobalSection
	GlobalSection(SolutionProperties) = preSolution
		HideSolutionNode = FALSE
	EndGlobalSection
	GlobalSection(ExtensibilityGlobals) = postSolution
		SolutionGuid = {9B621188-2EB6-431B-BB0D-C922FC8C33EA}
	EndGlobalSection
EndGlobal
